// !$*UTF8*$!
{
	archiveVersion = 1;
	classes = {
	};
	objectVersion = 46;
	objects = {

/* Begin PBXBuildFile section */
		061D9A332190809D007F6EE9 /* Aliases.swift in Sources */ = {isa = PBXBuildFile; fileRef = 061D9A322190809D007F6EE9 /* Aliases.swift */; };
		0A4063791E125640005EF407 /* ClosureWrapper.swift in Sources */ = {isa = PBXBuildFile; fileRef = 0A4063621E125640005EF407 /* ClosureWrapper.swift */; };
		0A40637A1E125640005EF407 /* Array+Additions.swift in Sources */ = {isa = PBXBuildFile; fileRef = 0A4063641E125640005EF407 /* Array+Additions.swift */; };
		0A40637B1E125640005EF407 /* UITableView+Additions.swift in Sources */ = {isa = PBXBuildFile; fileRef = 0A4063651E125640005EF407 /* UITableView+Additions.swift */; };
		0A40637D1E125640005EF407 /* TableViewSectionItem.swift in Sources */ = {isa = PBXBuildFile; fileRef = 0A4063681E125640005EF407 /* TableViewSectionItem.swift */; };
		0A40637E1E125640005EF407 /* TableViewCellItemDataSourcePrefetching.swift in Sources */ = {isa = PBXBuildFile; fileRef = 0A40636B1E125640005EF407 /* TableViewCellItemDataSourcePrefetching.swift */; };
		0A40637F1E125640005EF407 /* TableViewCellItemEditActionsProtocol.swift in Sources */ = {isa = PBXBuildFile; fileRef = 0A40636C1E125640005EF407 /* TableViewCellItemEditActionsProtocol.swift */; };
		0A4063801E125640005EF407 /* TableViewCellItemProtocol.swift in Sources */ = {isa = PBXBuildFile; fileRef = 0A40636D1E125640005EF407 /* TableViewCellItemProtocol.swift */; };
		0A4063811E125640005EF407 /* TableViewSectionItemHeaderFooterDisplaying.swift in Sources */ = {isa = PBXBuildFile; fileRef = 0A40636F1E125640005EF407 /* TableViewSectionItemHeaderFooterDisplaying.swift */; };
		0A4063821E125640005EF407 /* TableViewSectionItemProtocol.swift in Sources */ = {isa = PBXBuildFile; fileRef = 0A4063701E125640005EF407 /* TableViewSectionItemProtocol.swift */; };
		0A4063831E125640005EF407 /* TableViewManagerDelegate.swift in Sources */ = {isa = PBXBuildFile; fileRef = 0A4063711E125640005EF407 /* TableViewManagerDelegate.swift */; };
		0A4063841E125640005EF407 /* TableViewManager+UIScrollViewDelegate.swift in Sources */ = {isa = PBXBuildFile; fileRef = 0A4063741E125640005EF407 /* TableViewManager+UIScrollViewDelegate.swift */; };
		0A4063851E125640005EF407 /* TableViewManager+UITableViewDataSource.swift in Sources */ = {isa = PBXBuildFile; fileRef = 0A4063751E125640005EF407 /* TableViewManager+UITableViewDataSource.swift */; };
		0A4063861E125640005EF407 /* TableViewManager+UITableViewDataSourcePrefetching.swift in Sources */ = {isa = PBXBuildFile; fileRef = 0A4063761E125640005EF407 /* TableViewManager+UITableViewDataSourcePrefetching.swift */; };
		0A4063871E125640005EF407 /* TableViewManager+UITableViewDelegate.swift in Sources */ = {isa = PBXBuildFile; fileRef = 0A4063771E125640005EF407 /* TableViewManager+UITableViewDelegate.swift */; };
		0A4063881E125640005EF407 /* TableViewManager.swift in Sources */ = {isa = PBXBuildFile; fileRef = 0A4063781E125640005EF407 /* TableViewManager.swift */; };
/* End PBXBuildFile section */

/* Begin PBXFileReference section */
		061D9A322190809D007F6EE9 /* Aliases.swift */ = {isa = PBXFileReference; lastKnownFileType = sourcecode.swift; path = Aliases.swift; sourceTree = "<group>"; };
		0A4063551E12558C005EF407 /* TableViewTools.framework */ = {isa = PBXFileReference; explicitFileType = wrapper.framework; includeInIndex = 0; path = TableViewTools.framework; sourceTree = BUILT_PRODUCTS_DIR; };
		0A4063621E125640005EF407 /* ClosureWrapper.swift */ = {isa = PBXFileReference; fileEncoding = 4; lastKnownFileType = sourcecode.swift; path = ClosureWrapper.swift; sourceTree = "<group>"; };
		0A4063641E125640005EF407 /* Array+Additions.swift */ = {isa = PBXFileReference; fileEncoding = 4; lastKnownFileType = sourcecode.swift; path = "Array+Additions.swift"; sourceTree = "<group>"; };
		0A4063651E125640005EF407 /* UITableView+Additions.swift */ = {isa = PBXFileReference; fileEncoding = 4; lastKnownFileType = sourcecode.swift; path = "UITableView+Additions.swift"; sourceTree = "<group>"; };
		0A4063681E125640005EF407 /* TableViewSectionItem.swift */ = {isa = PBXFileReference; fileEncoding = 4; lastKnownFileType = sourcecode.swift; path = TableViewSectionItem.swift; sourceTree = "<group>"; };
		0A40636B1E125640005EF407 /* TableViewCellItemDataSourcePrefetching.swift */ = {isa = PBXFileReference; fileEncoding = 4; lastKnownFileType = sourcecode.swift; path = TableViewCellItemDataSourcePrefetching.swift; sourceTree = "<group>"; };
		0A40636C1E125640005EF407 /* TableViewCellItemEditActionsProtocol.swift */ = {isa = PBXFileReference; fileEncoding = 4; lastKnownFileType = sourcecode.swift; path = TableViewCellItemEditActionsProtocol.swift; sourceTree = "<group>"; };
		0A40636D1E125640005EF407 /* TableViewCellItemProtocol.swift */ = {isa = PBXFileReference; fileEncoding = 4; lastKnownFileType = sourcecode.swift; path = TableViewCellItemProtocol.swift; sourceTree = "<group>"; };
		0A40636F1E125640005EF407 /* TableViewSectionItemHeaderFooterDisplaying.swift */ = {isa = PBXFileReference; fileEncoding = 4; lastKnownFileType = sourcecode.swift; path = TableViewSectionItemHeaderFooterDisplaying.swift; sourceTree = "<group>"; };
		0A4063701E125640005EF407 /* TableViewSectionItemProtocol.swift */ = {isa = PBXFileReference; fileEncoding = 4; lastKnownFileType = sourcecode.swift; path = TableViewSectionItemProtocol.swift; sourceTree = "<group>"; };
		0A4063711E125640005EF407 /* TableViewManagerDelegate.swift */ = {isa = PBXFileReference; fileEncoding = 4; lastKnownFileType = sourcecode.swift; path = TableViewManagerDelegate.swift; sourceTree = "<group>"; };
		0A4063741E125640005EF407 /* TableViewManager+UIScrollViewDelegate.swift */ = {isa = PBXFileReference; fileEncoding = 4; lastKnownFileType = sourcecode.swift; path = "TableViewManager+UIScrollViewDelegate.swift"; sourceTree = "<group>"; };
		0A4063751E125640005EF407 /* TableViewManager+UITableViewDataSource.swift */ = {isa = PBXFileReference; fileEncoding = 4; lastKnownFileType = sourcecode.swift; path = "TableViewManager+UITableViewDataSource.swift"; sourceTree = "<group>"; };
		0A4063761E125640005EF407 /* TableViewManager+UITableViewDataSourcePrefetching.swift */ = {isa = PBXFileReference; fileEncoding = 4; lastKnownFileType = sourcecode.swift; path = "TableViewManager+UITableViewDataSourcePrefetching.swift"; sourceTree = "<group>"; };
		0A4063771E125640005EF407 /* TableViewManager+UITableViewDelegate.swift */ = {isa = PBXFileReference; fileEncoding = 4; lastKnownFileType = sourcecode.swift; path = "TableViewManager+UITableViewDelegate.swift"; sourceTree = "<group>"; };
		0A4063781E125640005EF407 /* TableViewManager.swift */ = {isa = PBXFileReference; fileEncoding = 4; lastKnownFileType = sourcecode.swift; path = TableViewManager.swift; sourceTree = "<group>"; };
		0A4063891E125652005EF407 /* Info.plist */ = {isa = PBXFileReference; fileEncoding = 4; lastKnownFileType = text.plist.xml; path = Info.plist; sourceTree = SOURCE_ROOT; };
/* End PBXFileReference section */

/* Begin PBXFrameworksBuildPhase section */
		0A4063511E12558C005EF407 /* Frameworks */ = {
			isa = PBXFrameworksBuildPhase;
			buildActionMask = 2147483647;
			files = (
			);
			runOnlyForDeploymentPostprocessing = 0;
		};
/* End PBXFrameworksBuildPhase section */

/* Begin PBXGroup section */
		0A40634B1E12558C005EF407 = {
			isa = PBXGroup;
			children = (
				0A4063891E125652005EF407 /* Info.plist */,
				0A4063601E125640005EF407 /* Sources */,
				0A4063561E12558C005EF407 /* Products */,
			);
			sourceTree = "<group>";
		};
		0A4063561E12558C005EF407 /* Products */ = {
			isa = PBXGroup;
			children = (
				0A4063551E12558C005EF407 /* TableViewTools.framework */,
			);
			name = Products;
			sourceTree = "<group>";
		};
		0A4063601E125640005EF407 /* Sources */ = {
			isa = PBXGroup;
			children = (
				0A4063611E125640005EF407 /* Additions */,
				0A4063631E125640005EF407 /* Extensions */,
				0A4063671E125640005EF407 /* Items */,
				0A4063691E125640005EF407 /* Protocols */,
				0A4063721E125640005EF407 /* TableViewManager */,
			);
			path = Sources;
			sourceTree = SOURCE_ROOT;
		};
		0A4063611E125640005EF407 /* Additions */ = {
			isa = PBXGroup;
			children = (
				0A4063621E125640005EF407 /* ClosureWrapper.swift */,
				061D9A322190809D007F6EE9 /* Aliases.swift */,
			);
			path = Additions;
			sourceTree = "<group>";
		};
		0A4063631E125640005EF407 /* Extensions */ = {
			isa = PBXGroup;
			children = (
				0A4063641E125640005EF407 /* Array+Additions.swift */,
				0A4063651E125640005EF407 /* UITableView+Additions.swift */,
			);
			path = Extensions;
			sourceTree = "<group>";
		};
		0A4063671E125640005EF407 /* Items */ = {
			isa = PBXGroup;
			children = (
				0A4063681E125640005EF407 /* TableViewSectionItem.swift */,
			);
			path = Items;
			sourceTree = "<group>";
		};
		0A4063691E125640005EF407 /* Protocols */ = {
			isa = PBXGroup;
			children = (
				0A40636A1E125640005EF407 /* CellItem */,
				0A40636E1E125640005EF407 /* SectionItem */,
				0A4063711E125640005EF407 /* TableViewManagerDelegate.swift */,
			);
			path = Protocols;
			sourceTree = "<group>";
		};
		0A40636A1E125640005EF407 /* CellItem */ = {
			isa = PBXGroup;
			children = (
				0A40636B1E125640005EF407 /* TableViewCellItemDataSourcePrefetching.swift */,
				0A40636C1E125640005EF407 /* TableViewCellItemEditActionsProtocol.swift */,
				0A40636D1E125640005EF407 /* TableViewCellItemProtocol.swift */,
			);
			path = CellItem;
			sourceTree = "<group>";
		};
		0A40636E1E125640005EF407 /* SectionItem */ = {
			isa = PBXGroup;
			children = (
				0A40636F1E125640005EF407 /* TableViewSectionItemHeaderFooterDisplaying.swift */,
				0A4063701E125640005EF407 /* TableViewSectionItemProtocol.swift */,
			);
			path = SectionItem;
			sourceTree = "<group>";
		};
		0A4063721E125640005EF407 /* TableViewManager */ = {
			isa = PBXGroup;
			children = (
				0A4063731E125640005EF407 /* Extensions */,
				0A4063781E125640005EF407 /* TableViewManager.swift */,
			);
			path = TableViewManager;
			sourceTree = "<group>";
		};
		0A4063731E125640005EF407 /* Extensions */ = {
			isa = PBXGroup;
			children = (
				0A4063741E125640005EF407 /* TableViewManager+UIScrollViewDelegate.swift */,
				0A4063751E125640005EF407 /* TableViewManager+UITableViewDataSource.swift */,
				0A4063761E125640005EF407 /* TableViewManager+UITableViewDataSourcePrefetching.swift */,
				0A4063771E125640005EF407 /* TableViewManager+UITableViewDelegate.swift */,
			);
			path = Extensions;
			sourceTree = "<group>";
		};
/* End PBXGroup section */

/* Begin PBXHeadersBuildPhase section */
		0A4063521E12558C005EF407 /* Headers */ = {
			isa = PBXHeadersBuildPhase;
			buildActionMask = 2147483647;
			files = (
			);
			runOnlyForDeploymentPostprocessing = 0;
		};
/* End PBXHeadersBuildPhase section */

/* Begin PBXNativeTarget section */
		0A4063541E12558C005EF407 /* TableViewTools */ = {
			isa = PBXNativeTarget;
			buildConfigurationList = 0A40635D1E12558C005EF407 /* Build configuration list for PBXNativeTarget "TableViewTools" */;
			buildPhases = (
				0A4063501E12558C005EF407 /* Sources */,
				0A4063511E12558C005EF407 /* Frameworks */,
				0A4063521E12558C005EF407 /* Headers */,
				0A4063531E12558C005EF407 /* Resources */,
				0632700B1E84C02C002DD5B9 /* SwiftLint */,
			);
			buildRules = (
			);
			dependencies = (
			);
			name = TableViewTools;
			productName = TableViewTools;
			productReference = 0A4063551E12558C005EF407 /* TableViewTools.framework */;
			productType = "com.apple.product-type.framework";
		};
/* End PBXNativeTarget section */

/* Begin PBXProject section */
		0A40634C1E12558C005EF407 /* Project object */ = {
			isa = PBXProject;
			attributes = {
				LastUpgradeCheck = 1010;
				ORGANIZATIONNAME = "Dmitry Frishbuter";
				TargetAttributes = {
					0A4063541E12558C005EF407 = {
						CreatedOnToolsVersion = 8.2;
						DevelopmentTeam = GPVA8JVMU3;
						LastSwiftMigration = 0900;
						ProvisioningStyle = Automatic;
					};
				};
			};
			buildConfigurationList = 0A40634F1E12558C005EF407 /* Build configuration list for PBXProject "TableViewTools" */;
			compatibilityVersion = "Xcode 3.2";
			developmentRegion = English;
			hasScannedForEncodings = 0;
			knownRegions = (
				en,
			);
			mainGroup = 0A40634B1E12558C005EF407;
			productRefGroup = 0A4063561E12558C005EF407 /* Products */;
			projectDirPath = "";
			projectRoot = "";
			targets = (
				0A4063541E12558C005EF407 /* TableViewTools */,
			);
		};
/* End PBXProject section */

/* Begin PBXResourcesBuildPhase section */
		0A4063531E12558C005EF407 /* Resources */ = {
			isa = PBXResourcesBuildPhase;
			buildActionMask = 2147483647;
			files = (
			);
			runOnlyForDeploymentPostprocessing = 0;
		};
/* End PBXResourcesBuildPhase section */

/* Begin PBXShellScriptBuildPhase section */
		0632700B1E84C02C002DD5B9 /* SwiftLint */ = {
			isa = PBXShellScriptBuildPhase;
			buildActionMask = 2147483647;
			files = (
			);
			inputPaths = (
			);
			name = SwiftLint;
			outputPaths = (
			);
			runOnlyForDeploymentPostprocessing = 0;
			shellPath = /bin/sh;
			shellScript = "if which swiftlint >/dev/null; then\nswiftlint\nelse\necho \"warning: SwiftLint not installed, download from https://github.com/realm/SwiftLint\"\nexit 1\nfi";
		};
/* End PBXShellScriptBuildPhase section */

/* Begin PBXSourcesBuildPhase section */
		0A4063501E12558C005EF407 /* Sources */ = {
			isa = PBXSourcesBuildPhase;
			buildActionMask = 2147483647;
			files = (
				0A4063851E125640005EF407 /* TableViewManager+UITableViewDataSource.swift in Sources */,
				0A40637F1E125640005EF407 /* TableViewCellItemEditActionsProtocol.swift in Sources */,
				0A40637D1E125640005EF407 /* TableViewSectionItem.swift in Sources */,
				0A4063801E125640005EF407 /* TableViewCellItemProtocol.swift in Sources */,
				0A40637E1E125640005EF407 /* TableViewCellItemDataSourcePrefetching.swift in Sources */,
				0A40637B1E125640005EF407 /* UITableView+Additions.swift in Sources */,
				0A4063841E125640005EF407 /* TableViewManager+UIScrollViewDelegate.swift in Sources */,
				0A4063861E125640005EF407 /* TableViewManager+UITableViewDataSourcePrefetching.swift in Sources */,
				0A4063821E125640005EF407 /* TableViewSectionItemProtocol.swift in Sources */,
				0A4063791E125640005EF407 /* ClosureWrapper.swift in Sources */,
				061D9A332190809D007F6EE9 /* Aliases.swift in Sources */,
				0A4063881E125640005EF407 /* TableViewManager.swift in Sources */,
				0A4063871E125640005EF407 /* TableViewManager+UITableViewDelegate.swift in Sources */,
				0A4063811E125640005EF407 /* TableViewSectionItemHeaderFooterDisplaying.swift in Sources */,
				0A4063831E125640005EF407 /* TableViewManagerDelegate.swift in Sources */,
				0A40637A1E125640005EF407 /* Array+Additions.swift in Sources */,
			);
			runOnlyForDeploymentPostprocessing = 0;
		};
/* End PBXSourcesBuildPhase section */

/* Begin XCBuildConfiguration section */
		0A40635B1E12558C005EF407 /* Debug */ = {
			isa = XCBuildConfiguration;
			buildSettings = {
				ALWAYS_SEARCH_USER_PATHS = NO;
				CLANG_ANALYZER_NONNULL = YES;
				CLANG_CXX_LANGUAGE_STANDARD = "gnu++0x";
				CLANG_CXX_LIBRARY = "libc++";
				CLANG_ENABLE_MODULES = YES;
				CLANG_ENABLE_OBJC_ARC = YES;
				CLANG_WARN_BLOCK_CAPTURE_AUTORELEASING = YES;
				CLANG_WARN_BOOL_CONVERSION = YES;
				CLANG_WARN_COMMA = YES;
				CLANG_WARN_CONSTANT_CONVERSION = YES;
				CLANG_WARN_DEPRECATED_OBJC_IMPLEMENTATIONS = YES;
				CLANG_WARN_DIRECT_OBJC_ISA_USAGE = YES_ERROR;
				CLANG_WARN_DOCUMENTATION_COMMENTS = YES;
				CLANG_WARN_EMPTY_BODY = YES;
				CLANG_WARN_ENUM_CONVERSION = YES;
				CLANG_WARN_INFINITE_RECURSION = YES;
				CLANG_WARN_INT_CONVERSION = YES;
				CLANG_WARN_NON_LITERAL_NULL_CONVERSION = YES;
				CLANG_WARN_OBJC_IMPLICIT_RETAIN_SELF = YES;
				CLANG_WARN_OBJC_LITERAL_CONVERSION = YES;
				CLANG_WARN_OBJC_ROOT_CLASS = YES_ERROR;
				CLANG_WARN_RANGE_LOOP_ANALYSIS = YES;
				CLANG_WARN_STRICT_PROTOTYPES = YES;
				CLANG_WARN_SUSPICIOUS_MOVE = YES;
				CLANG_WARN_UNREACHABLE_CODE = YES;
				CLANG_WARN__DUPLICATE_METHOD_MATCH = YES;
				"CODE_SIGN_IDENTITY[sdk=iphoneos*]" = "iPhone Developer";
				COPY_PHASE_STRIP = NO;
				CURRENT_PROJECT_VERSION = 1;
				DEBUG_INFORMATION_FORMAT = dwarf;
				ENABLE_STRICT_OBJC_MSGSEND = YES;
				ENABLE_TESTABILITY = YES;
				GCC_C_LANGUAGE_STANDARD = gnu99;
				GCC_DYNAMIC_NO_PIC = NO;
				GCC_NO_COMMON_BLOCKS = YES;
				GCC_OPTIMIZATION_LEVEL = 0;
				GCC_PREPROCESSOR_DEFINITIONS = (
					"DEBUG=1",
					"$(inherited)",
				);
				GCC_WARN_64_TO_32_BIT_CONVERSION = YES;
				GCC_WARN_ABOUT_RETURN_TYPE = YES_ERROR;
				GCC_WARN_UNDECLARED_SELECTOR = YES;
				GCC_WARN_UNINITIALIZED_AUTOS = YES_AGGRESSIVE;
				GCC_WARN_UNUSED_FUNCTION = YES;
				GCC_WARN_UNUSED_VARIABLE = YES;
				IPHONEOS_DEPLOYMENT_TARGET = 10.2;
				MTL_ENABLE_DEBUG_INFO = YES;
				ONLY_ACTIVE_ARCH = YES;
				SDKROOT = iphoneos;
				SWIFT_ACTIVE_COMPILATION_CONDITIONS = DEBUG;
				SWIFT_OPTIMIZATION_LEVEL = "-Onone";
				TARGETED_DEVICE_FAMILY = "1,2";
				VERSIONING_SYSTEM = "apple-generic";
				VERSION_INFO_PREFIX = "";
			};
			name = Debug;
		};
		0A40635C1E12558C005EF407 /* Release */ = {
			isa = XCBuildConfiguration;
			buildSettings = {
				ALWAYS_SEARCH_USER_PATHS = NO;
				CLANG_ANALYZER_NONNULL = YES;
				CLANG_CXX_LANGUAGE_STANDARD = "gnu++0x";
				CLANG_CXX_LIBRARY = "libc++";
				CLANG_ENABLE_MODULES = YES;
				CLANG_ENABLE_OBJC_ARC = YES;
				CLANG_WARN_BLOCK_CAPTURE_AUTORELEASING = YES;
				CLANG_WARN_BOOL_CONVERSION = YES;
				CLANG_WARN_COMMA = YES;
				CLANG_WARN_CONSTANT_CONVERSION = YES;
				CLANG_WARN_DEPRECATED_OBJC_IMPLEMENTATIONS = YES;
				CLANG_WARN_DIRECT_OBJC_ISA_USAGE = YES_ERROR;
				CLANG_WARN_DOCUMENTATION_COMMENTS = YES;
				CLANG_WARN_EMPTY_BODY = YES;
				CLANG_WARN_ENUM_CONVERSION = YES;
				CLANG_WARN_INFINITE_RECURSION = YES;
				CLANG_WARN_INT_CONVERSION = YES;
				CLANG_WARN_NON_LITERAL_NULL_CONVERSION = YES;
				CLANG_WARN_OBJC_IMPLICIT_RETAIN_SELF = YES;
				CLANG_WARN_OBJC_LITERAL_CONVERSION = YES;
				CLANG_WARN_OBJC_ROOT_CLASS = YES_ERROR;
				CLANG_WARN_RANGE_LOOP_ANALYSIS = YES;
				CLANG_WARN_STRICT_PROTOTYPES = YES;
				CLANG_WARN_SUSPICIOUS_MOVE = YES;
				CLANG_WARN_UNREACHABLE_CODE = YES;
				CLANG_WARN__DUPLICATE_METHOD_MATCH = YES;
				"CODE_SIGN_IDENTITY[sdk=iphoneos*]" = "iPhone Developer";
				COPY_PHASE_STRIP = NO;
				CURRENT_PROJECT_VERSION = 1;
				DEBUG_INFORMATION_FORMAT = "dwarf-with-dsym";
				ENABLE_NS_ASSERTIONS = NO;
				ENABLE_STRICT_OBJC_MSGSEND = YES;
				GCC_C_LANGUAGE_STANDARD = gnu99;
				GCC_NO_COMMON_BLOCKS = YES;
				GCC_WARN_64_TO_32_BIT_CONVERSION = YES;
				GCC_WARN_ABOUT_RETURN_TYPE = YES_ERROR;
				GCC_WARN_UNDECLARED_SELECTOR = YES;
				GCC_WARN_UNINITIALIZED_AUTOS = YES_AGGRESSIVE;
				GCC_WARN_UNUSED_FUNCTION = YES;
				GCC_WARN_UNUSED_VARIABLE = YES;
				IPHONEOS_DEPLOYMENT_TARGET = 10.2;
				MTL_ENABLE_DEBUG_INFO = NO;
				SDKROOT = iphoneos;
				SWIFT_OPTIMIZATION_LEVEL = "-Owholemodule";
				TARGETED_DEVICE_FAMILY = "1,2";
				VALIDATE_PRODUCT = YES;
				VERSIONING_SYSTEM = "apple-generic";
				VERSION_INFO_PREFIX = "";
			};
			name = Release;
		};
		0A40635E1E12558C005EF407 /* Debug */ = {
			isa = XCBuildConfiguration;
			buildSettings = {
				CODE_SIGN_IDENTITY = "";
				DEFINES_MODULE = YES;
				DEVELOPMENT_TEAM = GPVA8JVMU3;
				DYLIB_COMPATIBILITY_VERSION = 1;
				DYLIB_CURRENT_VERSION = 1;
				DYLIB_INSTALL_NAME_BASE = "@rpath";
				INFOPLIST_FILE = "$(SRCROOT)/Info.plist";
				INSTALL_PATH = "$(LOCAL_LIBRARY_DIR)/Frameworks";
				IPHONEOS_DEPLOYMENT_TARGET = 8.0;
				LD_RUNPATH_SEARCH_PATHS = "$(inherited) @executable_path/Frameworks @loader_path/Frameworks";
				PRODUCT_BUNDLE_IDENTIFIER = com.rosberry.TableViewTools;
				PRODUCT_NAME = "$(TARGET_NAME)";
				SKIP_INSTALL = YES;
				SWIFT_SWIFT3_OBJC_INFERENCE = Default;
				SWIFT_VERSION = 4.2;
			};
			name = Debug;
		};
		0A40635F1E12558C005EF407 /* Release */ = {
			isa = XCBuildConfiguration;
			buildSettings = {
				CODE_SIGN_IDENTITY = "";
				DEFINES_MODULE = YES;
				DEVELOPMENT_TEAM = GPVA8JVMU3;
				DYLIB_COMPATIBILITY_VERSION = 1;
				DYLIB_CURRENT_VERSION = 1;
				DYLIB_INSTALL_NAME_BASE = "@rpath";
				INFOPLIST_FILE = "$(SRCROOT)/Info.plist";
				INSTALL_PATH = "$(LOCAL_LIBRARY_DIR)/Frameworks";
				IPHONEOS_DEPLOYMENT_TARGET = 8.0;
				LD_RUNPATH_SEARCH_PATHS = "$(inherited) @executable_path/Frameworks @loader_path/Frameworks";
				PRODUCT_BUNDLE_IDENTIFIER = com.rosberry.TableViewTools;
				PRODUCT_NAME = "$(TARGET_NAME)";
				SKIP_INSTALL = YES;
				SWIFT_SWIFT3_OBJC_INFERENCE = Default;
				SWIFT_VERSION = 4.2;
			};
			name = Release;
		};
/* End XCBuildConfiguration section */

/* Begin XCConfigurationList section */
		0A40634F1E12558C005EF407 /* Build configuration list for PBXProject "TableViewTools" */ = {
			isa = XCConfigurationList;
			buildConfigurations = (
				0A40635B1E12558C005EF407 /* Debug */,
				0A40635C1E12558C005EF407 /* Release */,
			);
			defaultConfigurationIsVisible = 0;
			defaultConfigurationName = Release;
		};
		0A40635D1E12558C005EF407 /* Build configuration list for PBXNativeTarget "TableViewTools" */ = {
			isa = XCConfigurationList;
			buildConfigurations = (
				0A40635E1E12558C005EF407 /* Debug */,
				0A40635F1E12558C005EF407 /* Release */,
			);
			defaultConfigurationIsVisible = 0;
			defaultConfigurationName = Release;
		};
/* End XCConfigurationList section */
	};
	rootObject = 0A40634C1E12558C005EF407 /* Project object */;
}
